{
    "_meta": {
        "hash": {
            "sha256": "6e8a8ad284c78125bd7466495a2340a1fcdeac872d16af53039a86a0adfc8b8d"
        },
        "pipfile-spec": 6,
        "requires": {
            "python_version": "3.7"
        },
        "sources": [
            {
                "name": "pypi",
                "url": "https://pypi.org/simple",
                "verify_ssl": true
            }
        ]
    },
    "default": {
        "graphviz": {
            "hashes": [
                "sha256:6d0f69c107cfdc9bd1df3763fad99569bbcba29d0c52ffcbc6f266621d8bf709",
                "sha256:914b8b124942d82e3e1dcef499c9fe77c10acd3d18a1cfeeb2b9de05f6d24805"
            ],
            "index": "pypi",
            "version": "==0.11.1"
        },
        "psqlparse": {
            "hashes": [
                "sha256:b8beb4b389e6e3738bae19a48d4c2798124f464ab40c94b907bb2a3fda4c1d33"
            ],
            "index": "pypi",
            "version": "==0.2.5"
        },
        "six": {
            "hashes": [
                "sha256:3350809f0555b11f552448330d0b52d5f24c91a322ea4a15ef22629740f3761c",
                "sha256:d16a0141ec1a18405cd4ce8b4613101da75da0e9a7aec5bdd4fa804d0e0eba73"
            ],
            "version": "==1.12.0"
        }
    },
    "develop": {}
}
